{
  "name": "cdk-cloudwatch-rds-alert",
  "lockfileVersion": 2,
  "requires": true,
  "packages": {
    "": {
      "dependencies": {
        "@types/aws-lambda": "^8.10.87"
      }
    },
    "node_modules/@types/aws-lambda": {
      "version": "8.10.87",
      "resolved": "https://registry.npmjs.org/@types/aws-lambda/-/aws-lambda-8.10.87.tgz",
      "integrity": "sha512-fMYSgnIjFsTM3huCzqNvZm9gH4kFY5yIEOKYj9VtTG13TYd+wwweTbYAAO8OclcTbpezK+VsHNWIyHiAHgVCJg=="
    }
  },
  "dependencies": {
    "@types/aws-lambda": {
      "version": "8.10.87",
      "resolved": "https://registry.npmjs.org/@types/aws-lambda/-/aws-lambda-8.10.87.tgz",
      "integrity": "sha512-fMYSgnIjFsTM3huCzqNvZm9gH4kFY5yIEOKYj9VtTG13TYd+wwweTbYAAO8OclcTbpezK+VsHNWIyHiAHgVCJg=="
    }
  }
}
